
Microsoft Visual Studio Solution File, Format Version 12.00
# Visual Studio 15
VisualStudioVersion = 15.0.28010.2016
MinimumVisualStudioVersion = 10.0.40219.1
Project("{8BC9CEB8-8B4A-11D0-8D11-00A0C91BC942}") = "TextAdventure", "TextAdventure\TextAdventure.vcxproj", "{1AA812C5-241F-4748-8694-0F58FCD7DCB9}"
EndProject
Global
	GlobalSection(SolutionConfigurationPlatforms) = preSolution
		Debug|x64 = Debug|x64
		Debug|x86 = Debug|x86
		Release|x64 = Release|x64
		Release|x86 = Release|x86
	EndGlobalSection
	GlobalSection(ProjectConfigurationPlatforms) = postSolution
		{1AA812C5-241F-4748-8694-0F58FCD7DCB9}.Debug|x64.ActiveCfg = Debug|x64
		{1AA812C5-241F-4748-8694-0F58FCD7DCB9}.Debug|x64.Build.0 = Debug|x64
		{1AA812C5-241F-4748-8694-0F58FCD7DCB9}.Debug|x86.ActiveCfg = Debug|Win32
		{1AA812C5-241F-4748-8694-0F58FCD7DCB9}.Debug|x86.Build.0 = Debug|Win32
		{1AA812C5-241F-4748-8694-0F58FCD7DCB9}.Release|x64.ActiveCfg = Release|x64
		{1AA812C5-241F-4748-8694-0F58FCD7DCB9}.Release|x64.Build.0 = Release|x64
		{1AA812C5-241F-4748-8694-0F58FCD7DCB9}.Release|x86.ActiveCfg = Release|Win32
		{1AA812C5-241F-4748-8694-0F58FCD7DCB9}.Release|x86.Build.0 = Release|Win32
	EndGlobalSection
	GlobalSection(SolutionProperties) = preSolution
		HideSolutionNode = FALSE
	EndGlobalSection
	GlobalSection(ExtensibilityGlobals) = postSolution
		SolutionGuid = {EDFDA91B-FC95-428B-99C8-B20A0F0278CA}
	EndGlobalSection
EndGlobal
